<Solution>
  <Configurations>
    <Platform Name="x64" />
    <Platform Name="x86" />
  </Configurations>
  <Project Path="Application/Application.vcxproj" Id="015664c6-ec72-4ddf-9573-cb6137e32671" />
  <Project Path="ConsoleApplication1/ConsoleApplication1.vcxproj" Id="fa2fbdd0-bcb9-428a-acbf-81116a4fb38c" />
  <Project Path="Game/Game.vcxproj" Id="3364d836-7637-4b59-a093-b2fd842d6efd" />
</Solution>
